
Microsoft Visual Studio Solution File, Format Version 12.00
# Visual Studio Version 17
VisualStudioVersion = 17.2.32516.85
MinimumVisualStudioVersion = 10.0.40219.1
Project("{FAE04EC0-301F-11D3-BF4B-00C04F79EFBC}") = "CQRSMediatR.Api", "CQRSMediatR.Api\CQRSMediatR.Api.csproj", "{760E7F6E-C869-4EB9-8D69-F5F1B4607E4C}"
EndProject
Project("{FAE04EC0-301F-11D3-BF4B-00C04F79EFBC}") = "CQRSMediatR.DataAccess", "CQRSMediatR.DataAccess\CQRSMediatR.DataAccess.csproj", "{A3BD45FB-CD2F-46BA-BEF5-B3FD58C10952}"
EndProject
Global
	GlobalSection(SolutionConfigurationPlatforms) = preSolution
		Debug|Any CPU = Debug|Any CPU
		Release|Any CPU = Release|Any CPU
	EndGlobalSection
	GlobalSection(ProjectConfigurationPlatforms) = postSolution
		{760E7F6E-C869-4EB9-8D69-F5F1B4607E4C}.Debug|Any CPU.ActiveCfg = Debug|Any CPU
		{760E7F6E-C869-4EB9-8D69-F5F1B4607E4C}.Debug|Any CPU.Build.0 = Debug|Any CPU
		{760E7F6E-C869-4EB9-8D69-F5F1B4607E4C}.Release|Any CPU.ActiveCfg = Release|Any CPU
		{760E7F6E-C869-4EB9-8D69-F5F1B4607E4C}.Release|Any CPU.Build.0 = Release|Any CPU
		{A3BD45FB-CD2F-46BA-BEF5-B3FD58C10952}.Debug|Any CPU.ActiveCfg = Debug|Any CPU
		{A3BD45FB-CD2F-46BA-BEF5-B3FD58C10952}.Debug|Any CPU.Build.0 = Debug|Any CPU
		{A3BD45FB-CD2F-46BA-BEF5-B3FD58C10952}.Release|Any CPU.ActiveCfg = Release|Any CPU
		{A3BD45FB-CD2F-46BA-BEF5-B3FD58C10952}.Release|Any CPU.Build.0 = Release|Any CPU
	EndGlobalSection
	GlobalSection(SolutionProperties) = preSolution
		HideSolutionNode = FALSE
	EndGlobalSection
	GlobalSection(ExtensibilityGlobals) = postSolution
		SolutionGuid = {334E465E-9B9A-4A98-BE55-F280F76B2B9A}
	EndGlobalSection
EndGlobal
